
Microsoft Visual Studio Solution File, Format Version 10.00
# Visual Studio 2008
Project("{8BC9CEB8-8B4A-11D0-8D11-00A0C91BC942}") = "lua", "lua.vcproj", "{D0B6AEA5-B4D7-4755-85E9-AD05796C437E}"
EndProject
Global
	GlobalSection(SolutionConfigurationPlatforms) = preSolution
		Debug_DLL|Win32 = Debug_DLL|Win32
		Debug|Win32 = Debug|Win32
		Release_DLL|Win32 = Release_DLL|Win32
		Release|Win32 = Release|Win32
	EndGlobalSection
	GlobalSection(ProjectConfigurationPlatforms) = postSolution
		{D0B6AEA5-B4D7-4755-85E9-AD05796C437E}.Debug_DLL|Win32.ActiveCfg = Debug_DLL|Win32
		{D0B6AEA5-B4D7-4755-85E9-AD05796C437E}.Debug_DLL|Win32.Build.0 = Debug_DLL|Win32
		{D0B6AEA5-B4D7-4755-85E9-AD05796C437E}.Debug|Win32.ActiveCfg = Debug|Win32
		{D0B6AEA5-B4D7-4755-85E9-AD05796C437E}.Debug|Win32.Build.0 = Debug|Win32
		{D0B6AEA5-B4D7-4755-85E9-AD05796C437E}.Release_DLL|Win32.ActiveCfg = Release_DLL|Win32
		{D0B6AEA5-B4D7-4755-85E9-AD05796C437E}.Release_DLL|Win32.Build.0 = Release_DLL|Win32
		{D0B6AEA5-B4D7-4755-85E9-AD05796C437E}.Release|Win32.ActiveCfg = Release|Win32
		{D0B6AEA5-B4D7-4755-85E9-AD05796C437E}.Release|Win32.Build.0 = Release|Win32
	EndGlobalSection
	GlobalSection(SolutionProperties) = preSolution
		HideSolutionNode = FALSE
	EndGlobalSection
EndGlobal
