<?xml version="1.0" encoding="utf-8"?>
<Project ToolsVersion="4.0" xmlns="http://schemas.microsoft.com/developer/msbuild/2003">
  <ItemGroup>
    <Filter Include="Source Files">
      <UniqueIdentifier>{fc62cc77-0799-4fcd-920b-f0bceb26d66a}</UniqueIdentifier>
      <Extensions>cpp;c;cxx;def;odl;idl;hpj;bat;asm</Extensions>
    </Filter>
    <Filter Include="Header Files">
      <UniqueIdentifier>{ad470d9d-62f2-408c-9821-52709a612a1b}</UniqueIdentifier>
      <Extensions>h;hpp;hxx;hm;inl;inc</Extensions>
    </Filter>
    <Filter Include="duires">
      <UniqueIdentifier>{8835691e-104c-42c1-a9a3-a0da7ea84be3}</UniqueIdentifier>
    </Filter>
    <Filter Include="XML">
      <UniqueIdentifier>{cb98d583-c6b0-4b8e-8c13-9c17cdb65eb5}</UniqueIdentifier>
    </Filter>
    <Filter Include="resource files">
      <UniqueIdentifier>{f23937a6-c404-4379-91e6-98f97444c95a}</UniqueIdentifier>
    </Filter>
    <Filter Include="skinole">
      <UniqueIdentifier>{bc0a439f-8003-4cba-8576-1a0d8796e56b}</UniqueIdentifier>
    </Filter>
  </ItemGroup>
  <ItemGroup>
    <ClCompile Include="dui-demo.cpp">
      <Filter>Source Files</Filter>
    </ClCompile>
    <ClCompile Include="MainDlg.cpp">
      <Filter>Source Files</Filter>
    </ClCompile>
    <ClCompile Include="stdafx.cpp">
      <Filter>Source Files</Filter>
    </ClCompile>
    <ClCompile Include="UIHander.cpp">
      <Filter>Source Files</Filter>
    </ClCompile>
    <ClCompile Include="skinole\ImageOle.cpp">
      <Filter>skinole</Filter>
    </ClCompile>
  </ItemGroup>
  <ItemGroup>
    <ClInclude Include="MainDlg.h">
      <Filter>Header Files</Filter>
    </ClInclude>
    <ClInclude Include="stdafx.h">
      <Filter>Header Files</Filter>
    </ClInclude>
    <ClInclude Include="UIHander.h">
      <Filter>Header Files</Filter>
    </ClInclude>
    <ClInclude Include="duires\res.h">
      <Filter>duires</Filter>
    </ClInclude>
    <ClInclude Include="duires\winres.h">
      <Filter>duires</Filter>
    </ClInclude>
    <ClInclude Include="resource.h">
      <Filter>resource files</Filter>
    </ClInclude>
    <ClInclude Include="skinole\ImageOle.h">
      <Filter>skinole</Filter>
    </ClInclude>
  </ItemGroup>
  <ItemGroup>
    <None Include="layout\def_objattr.xml">
      <Filter>XML</Filter>
    </None>
    <None Include="layout\def_skin.xml">
      <Filter>XML</Filter>
    </None>
    <None Include="layout\def_string.xml">
      <Filter>XML</Filter>
    </None>
    <None Include="layout\def_style.xml">
      <Filter>XML</Filter>
    </None>
    <None Include="layout\dlg_main.xml">
      <Filter>XML</Filter>
    </None>
    <None Include="index.xml">
      <Filter>XML</Filter>
    </None>
    <None Include="layout\menu_test.xml">
      <Filter>XML</Filter>
    </None>
    <None Include="duires\name2id.xml">
      <Filter>resource files</Filter>
    </None>
  </ItemGroup>
  <ItemGroup>
    <ResourceCompile Include="dui-demo.rc">
      <Filter>resource files</Filter>
    </ResourceCompile>
  </ItemGroup>
  <ItemGroup>
    <CustomBuildStep Include="duires\winres.rc2">
      <Filter>duires</Filter>
    </CustomBuildStep>
  </ItemGroup>
</Project>