
Microsoft Visual Studio Solution File, Format Version 10.00
# Visual Studio 2008
Project("{8BC9CEB8-8B4A-11D0-8D11-00A0C91BC942}") = "DUIEngine", "DUIEngine.vcproj", "{569DE3F2-641F-4CDB-B401-3C731312E844}"
EndProject
Global
	GlobalSection(SolutionConfigurationPlatforms) = preSolution
		Debug_Dll|Win32 = Debug_Dll|Win32
		Debug|Win32 = Debug|Win32
		Release_Dll|Win32 = Release_Dll|Win32
		Release|Win32 = Release|Win32
	EndGlobalSection
	GlobalSection(ProjectConfigurationPlatforms) = postSolution
		{569DE3F2-641F-4CDB-B401-3C731312E844}.Debug_Dll|Win32.ActiveCfg = Debug_Dll|Win32
		{569DE3F2-641F-4CDB-B401-3C731312E844}.Debug_Dll|Win32.Build.0 = Debug_Dll|Win32
		{569DE3F2-641F-4CDB-B401-3C731312E844}.Debug|Win32.ActiveCfg = DEBUG|Win32
		{569DE3F2-641F-4CDB-B401-3C731312E844}.Debug|Win32.Build.0 = DEBUG|Win32
		{569DE3F2-641F-4CDB-B401-3C731312E844}.Release_Dll|Win32.ActiveCfg = Release_Dll|Win32
		{569DE3F2-641F-4CDB-B401-3C731312E844}.Release_Dll|Win32.Build.0 = Release_Dll|Win32
		{569DE3F2-641F-4CDB-B401-3C731312E844}.Release|Win32.ActiveCfg = RELEASE|Win32
		{569DE3F2-641F-4CDB-B401-3C731312E844}.Release|Win32.Build.0 = RELEASE|Win32
	EndGlobalSection
	GlobalSection(SolutionProperties) = preSolution
		HideSolutionNode = FALSE
	EndGlobalSection
EndGlobal
