
Microsoft Visual Studio Solution File, Format Version 10.00
# Visual Studio 2008
Project("{8BC9CEB8-8B4A-11D0-8D11-00A0C91BC942}") = "stl", "stl.vcproj", "{058CFB55-A47F-441D-82D1-BAF3BC90601A}"
EndProject
Global
	GlobalSection(SolutionConfigurationPlatforms) = preSolution
		Debug|Win32 = Debug|Win32
		Release|Win32 = Release|Win32
	EndGlobalSection
	GlobalSection(ProjectConfigurationPlatforms) = postSolution
		{058CFB55-A47F-441D-82D1-BAF3BC90601A}.Debug|Win32.ActiveCfg = Debug|Win32
		{058CFB55-A47F-441D-82D1-BAF3BC90601A}.Debug|Win32.Build.0 = Debug|Win32
		{058CFB55-A47F-441D-82D1-BAF3BC90601A}.Release|Win32.ActiveCfg = Release|Win32
		{058CFB55-A47F-441D-82D1-BAF3BC90601A}.Release|Win32.Build.0 = Release|Win32
	EndGlobalSection
	GlobalSection(SolutionProperties) = preSolution
		HideSolutionNode = FALSE
	EndGlobalSection
EndGlobal
